
Microsoft Visual Studio Solution File, Format Version 12.00
# Visual Studio Version 17
VisualStudioVersion = 17.8.34322.80
MinimumVisualStudioVersion = 10.0.40219.1
Project("{FAE04EC0-301F-11D3-BF4B-00C04F79EFBC}") = "lab2", "lab2\lab2.csproj", "{DAE91C73-A6C1-46A5-9235-6900C56B35BA}"
EndProject
Project("{FAE04EC0-301F-11D3-BF4B-00C04F79EFBC}") = "lab3", "lab3\lab3.csproj", "{FE6556B3-02FA-419A-8AB0-A34A940A12E3}"
EndProject
Project("{FAE04EC0-301F-11D3-BF4B-00C04F79EFBC}") = "Lab4", "Lab4\Lab4.csproj", "{40C53D9D-C8F0-4888-8CE6-3E09A2E567FA}"
EndProject
Project("{FAE04EC0-301F-11D3-BF4B-00C04F79EFBC}") = "lab5", "lab5\lab5.csproj", "{2470AB91-F44E-405C-AF94-50C947632EED}"
EndProject
Global
	GlobalSection(SolutionConfigurationPlatforms) = preSolution
		Debug|Any CPU = Debug|Any CPU
		Release|Any CPU = Release|Any CPU
	EndGlobalSection
	GlobalSection(ProjectConfigurationPlatforms) = postSolution
		{DAE91C73-A6C1-46A5-9235-6900C56B35BA}.Debug|Any CPU.ActiveCfg = Debug|Any CPU
		{DAE91C73-A6C1-46A5-9235-6900C56B35BA}.Debug|Any CPU.Build.0 = Debug|Any CPU
		{DAE91C73-A6C1-46A5-9235-6900C56B35BA}.Release|Any CPU.ActiveCfg = Release|Any CPU
		{DAE91C73-A6C1-46A5-9235-6900C56B35BA}.Release|Any CPU.Build.0 = Release|Any CPU
		{FE6556B3-02FA-419A-8AB0-A34A940A12E3}.Debug|Any CPU.ActiveCfg = Debug|Any CPU
		{FE6556B3-02FA-419A-8AB0-A34A940A12E3}.Debug|Any CPU.Build.0 = Debug|Any CPU
		{FE6556B3-02FA-419A-8AB0-A34A940A12E3}.Release|Any CPU.ActiveCfg = Release|Any CPU
		{FE6556B3-02FA-419A-8AB0-A34A940A12E3}.Release|Any CPU.Build.0 = Release|Any CPU
		{40C53D9D-C8F0-4888-8CE6-3E09A2E567FA}.Debug|Any CPU.ActiveCfg = Debug|Any CPU
		{40C53D9D-C8F0-4888-8CE6-3E09A2E567FA}.Debug|Any CPU.Build.0 = Debug|Any CPU
		{40C53D9D-C8F0-4888-8CE6-3E09A2E567FA}.Release|Any CPU.ActiveCfg = Release|Any CPU
		{40C53D9D-C8F0-4888-8CE6-3E09A2E567FA}.Release|Any CPU.Build.0 = Release|Any CPU
		{2470AB91-F44E-405C-AF94-50C947632EED}.Debug|Any CPU.ActiveCfg = Debug|Any CPU
		{2470AB91-F44E-405C-AF94-50C947632EED}.Debug|Any CPU.Build.0 = Debug|Any CPU
		{2470AB91-F44E-405C-AF94-50C947632EED}.Release|Any CPU.ActiveCfg = Release|Any CPU
		{2470AB91-F44E-405C-AF94-50C947632EED}.Release|Any CPU.Build.0 = Release|Any CPU
	EndGlobalSection
	GlobalSection(SolutionProperties) = preSolution
		HideSolutionNode = FALSE
	EndGlobalSection
	GlobalSection(ExtensibilityGlobals) = postSolution
		SolutionGuid = {C525B5AC-B177-4FC8-8072-2E1F315E5E8F}
	EndGlobalSection
EndGlobal
